// !$*UTF8*$!
{
	archiveVersion = 1;
	classes = {
	};
	objectVersion = 46;
	objects = {

/* Begin PBXBuildFile section */
		AFCD10A11FAD04BE0058D987 /* main.cpp in Sources */ = {isa = PBXBuildFile; fileRef = AFCD10A01FAD04BE0058D987 /* main.cpp */; };
/* End PBXBuildFile section */

/* Begin PBXCopyFilesBuildPhase section */
		AFCD109B1FAD04BD0058D987 /* CopyFiles */ = {
			isa = PBXCopyFilesBuildPhase;
			buildActionMask = 2147483647;
			dstPath = /usr/share/man/man1/;
			dstSubfolderSpec = 0;
			files = (
			);
			runOnlyForDeploymentPostprocessing = 1;
		};
/* End PBXCopyFilesBuildPhase section */

/* Begin PBXFileReference section */
		AFCD109D1FAD04BE0058D987 /* NUDB */ = {isa = PBXFileReference; explicitFileType = "compiled.mach-o.executable"; includeInIndex = 0; path = NUDB; sourceTree = BUILT_PRODUCTS_DIR; };
		AFCD10A01FAD04BE0058D987 /* main.cpp */ = {isa = PBXFileReference; lastKnownFileType = sourcecode.cpp.cpp; path = main.cpp; sourceTree = "<group>"; };
/* End PBXFileReference section */

/* Begin PBXFrameworksBuildPhase section */
		AFCD109A1FAD04BD0058D987 /* Frameworks */ = {
			isa = PBXFrameworksBuildPhase;
			buildActionMask = 2147483647;
			files = (
			);
			runOnlyForDeploymentPostprocessing = 0;
		};
/* End PBXFrameworksBuildPhase section */

/* Begin PBXGroup section */
		AFCD10941FAD04BD0058D987 = {
			isa = PBXGroup;
			children = (
				AFCD109F1FAD04BE0058D987 /* NUDB */,
				AFCD109E1FAD04BE0058D987 /* Products */,
			);
			sourceTree = "<group>";
		};
		AFCD109E1FAD04BE0058D987 /* Products */ = {
			isa = PBXGroup;
			children = (
				AFCD109D1FAD04BE0058D987 /* NUDB */,
			);
			name = Products;
			sourceTree = "<group>";
		};
		AFCD109F1FAD04BE0058D987 /* NUDB */ = {
			isa = PBXGroup;
			children = (
				AFCD10A01FAD04BE0058D987 /* main.cpp */,
			);
			path = NUDB;
			sourceTree = "<group>";
		};
/* End PBXGroup section */

/* Begin PBXNativeTarget section */
		AFCD109C1FAD04BD0058D987 /* NUDB */ = {
			isa = PBXNativeTarget;
			buildConfigurationList = AFCD10A41FAD04BE0058D987 /* Build configuration list for PBXNativeTarget "NUDB" */;
			buildPhases = (
				AFCD10991FAD04BD0058D987 /* Sources */,
				AFCD109A1FAD04BD0058D987 /* Frameworks */,
				AFCD109B1FAD04BD0058D987 /* CopyFiles */,
			);
			buildRules = (
			);
			dependencies = (
			);
			name = NUDB;
			productName = NUDB;
			productReference = AFCD109D1FAD04BE0058D987 /* NUDB */;
			productType = "com.apple.product-type.tool";
		};
/* End PBXNativeTarget section */

/* Begin PBXProject section */
		AFCD10951FAD04BD0058D987 /* Project object */ = {
			isa = PBXProject;
			attributes = {
				LastUpgradeCheck = 0820;
				ORGANIZATIONNAME = "Shixin Luo";
				TargetAttributes = {
					AFCD109C1FAD04BD0058D987 = {
						CreatedOnToolsVersion = 8.2.1;
						ProvisioningStyle = Automatic;
					};
				};
			};
			buildConfigurationList = AFCD10981FAD04BD0058D987 /* Build configuration list for PBXProject "NUDB" */;
			compatibilityVersion = "Xcode 3.2";
			developmentRegion = English;
			hasScannedForEncodings = 0;
			knownRegions = (
				en,
			);
			mainGroup = AFCD10941FAD04BD0058D987;
			productRefGroup = AFCD109E1FAD04BE0058D987 /* Products */;
			projectDirPath = "";
			projectRoot = "";
			targets = (
				AFCD109C1FAD04BD0058D987 /* NUDB */,
			);
		};
/* End PBXProject section */

/* Begin PBXSourcesBuildPhase section */
		AFCD10991FAD04BD0058D987 /* Sources */ = {
			isa = PBXSourcesBuildPhase;
			buildActionMask = 2147483647;
			files = (
				AFCD10A11FAD04BE0058D987 /* main.cpp in Sources */,
			);
			runOnlyForDeploymentPostprocessing = 0;
		};
/* End PBXSourcesBuildPhase section */

/* Begin XCBuildConfiguration section */
		AFCD10A21FAD04BE0058D987 /* Debug */ = {
			isa = XCBuildConfiguration;
			buildSettings = {
				ALWAYS_SEARCH_USER_PATHS = NO;
				CLANG_ANALYZER_NONNULL = YES;
				CLANG_CXX_LANGUAGE_STANDARD = "gnu++0x";
				CLANG_CXX_LIBRARY = "libc++";
				CLANG_ENABLE_MODULES = YES;
				CLANG_ENABLE_OBJC_ARC = YES;
				CLANG_WARN_BOOL_CONVERSION = YES;
				CLANG_WARN_CONSTANT_CONVERSION = YES;
				CLANG_WARN_DIRECT_OBJC_ISA_USAGE = YES_ERROR;
				CLANG_WARN_DOCUMENTATION_COMMENTS = YES;
				CLANG_WARN_EMPTY_BODY = YES;
				CLANG_WARN_ENUM_CONVERSION = YES;
				CLANG_WARN_INFINITE_RECURSION = YES;
				CLANG_WARN_INT_CONVERSION = YES;
				CLANG_WARN_OBJC_ROOT_CLASS = YES_ERROR;
				CLANG_WARN_SUSPICIOUS_MOVE = YES;
				CLANG_WARN_UNREACHABLE_CODE = YES;
				CLANG_WARN__DUPLICATE_METHOD_MATCH = YES;
				CODE_SIGN_IDENTITY = "-";
				COPY_PHASE_STRIP = NO;
				DEBUG_INFORMATION_FORMAT = dwarf;
				ENABLE_STRICT_OBJC_MSGSEND = YES;
				ENABLE_TESTABILITY = YES;
				GCC_C_LANGUAGE_STANDARD = gnu99;
				GCC_DYNAMIC_NO_PIC = NO;
				GCC_NO_COMMON_BLOCKS = YES;
				GCC_OPTIMIZATION_LEVEL = 0;
				GCC_PREPROCESSOR_DEFINITIONS = (
					"DEBUG=1",
					"$(inherited)",
				);
				GCC_WARN_64_TO_32_BIT_CONVERSION = YES;
				GCC_WARN_ABOUT_RETURN_TYPE = YES_ERROR;
				GCC_WARN_UNDECLARED_SELECTOR = YES;
				GCC_WARN_UNINITIALIZED_AUTOS = YES_AGGRESSIVE;
				GCC_WARN_UNUSED_FUNCTION = YES;
				GCC_WARN_UNUSED_VARIABLE = YES;
				HEADER_SEARCH_PATHS = "/usr/local/mysql/include/**";
				LIBRARY_SEARCH_PATHS = "/usr/local/mysql/lib/**";
				MACOSX_DEPLOYMENT_TARGET = 10.11;
				MTL_ENABLE_DEBUG_INFO = YES;
				ONLY_ACTIVE_ARCH = YES;
				OTHER_LDFLAGS = (
					"-lmysqlclient",
					"-lm",
					"-lz",
				);
				SDKROOT = macosx;
			};
			name = Debug;
		};
		AFCD10A31FAD04BE0058D987 /* Release */ = {
			isa = XCBuildConfiguration;
			buildSettings = {
				ALWAYS_SEARCH_USER_PATHS = NO;
				CLANG_ANALYZER_NONNULL = YES;
				CLANG_CXX_LANGUAGE_STANDARD = "gnu++0x";
				CLANG_CXX_LIBRARY = "libc++";
				CLANG_ENABLE_MODULES = YES;
				CLANG_ENABLE_OBJC_ARC = YES;
				CLANG_WARN_BOOL_CONVERSION = YES;
				CLANG_WARN_CONSTANT_CONVERSION = YES;
				CLANG_WARN_DIRECT_OBJC_ISA_USAGE = YES_ERROR;
				CLANG_WARN_DOCUMENTATION_COMMENTS = YES;
				CLANG_WARN_EMPTY_BODY = YES;
				CLANG_WARN_ENUM_CONVERSION = YES;
				CLANG_WARN_INFINITE_RECURSION = YES;
				CLANG_WARN_INT_CONVERSION = YES;
				CLANG_WARN_OBJC_ROOT_CLASS = YES_ERROR;
				CLANG_WARN_SUSPICIOUS_MOVE = YES;
				CLANG_WARN_UNREACHABLE_CODE = YES;
				CLANG_WARN__DUPLICATE_METHOD_MATCH = YES;
				CODE_SIGN_IDENTITY = "-";
				COPY_PHASE_STRIP = NO;
				DEBUG_INFORMATION_FORMAT = "dwarf-with-dsym";
				ENABLE_NS_ASSERTIONS = NO;
				ENABLE_STRICT_OBJC_MSGSEND = YES;
				GCC_C_LANGUAGE_STANDARD = gnu99;
				GCC_NO_COMMON_BLOCKS = YES;
				GCC_WARN_64_TO_32_BIT_CONVERSION = YES;
				GCC_WARN_ABOUT_RETURN_TYPE = YES_ERROR;
				GCC_WARN_UNDECLARED_SELECTOR = YES;
				GCC_WARN_UNINITIALIZED_AUTOS = YES_AGGRESSIVE;
				GCC_WARN_UNUSED_FUNCTION = YES;
				GCC_WARN_UNUSED_VARIABLE = YES;
				HEADER_SEARCH_PATHS = "/usr/local/mysql/include/**";
				LIBRARY_SEARCH_PATHS = "/usr/local/mysql/lib/**";
				MACOSX_DEPLOYMENT_TARGET = 10.11;
				MTL_ENABLE_DEBUG_INFO = NO;
				OTHER_LDFLAGS = (
					"-lmysqlclient",
					"-lm",
					"-lz",
				);
				SDKROOT = macosx;
			};
			name = Release;
		};
		AFCD10A51FAD04BE0058D987 /* Debug */ = {
			isa = XCBuildConfiguration;
			buildSettings = {
				PRODUCT_NAME = "$(TARGET_NAME)";
			};
			name = Debug;
		};
		AFCD10A61FAD04BE0058D987 /* Release */ = {
			isa = XCBuildConfiguration;
			buildSettings = {
				PRODUCT_NAME = "$(TARGET_NAME)";
			};
			name = Release;
		};
/* End XCBuildConfiguration section */

/* Begin XCConfigurationList section */
		AFCD10981FAD04BD0058D987 /* Build configuration list for PBXProject "NUDB" */ = {
			isa = XCConfigurationList;
			buildConfigurations = (
				AFCD10A21FAD04BE0058D987 /* Debug */,
				AFCD10A31FAD04BE0058D987 /* Release */,
			);
			defaultConfigurationIsVisible = 0;
			defaultConfigurationName = Release;
		};
		AFCD10A41FAD04BE0058D987 /* Build configuration list for PBXNativeTarget "NUDB" */ = {
			isa = XCConfigurationList;
			buildConfigurations = (
				AFCD10A51FAD04BE0058D987 /* Debug */,
				AFCD10A61FAD04BE0058D987 /* Release */,
			);
			defaultConfigurationIsVisible = 0;
		};
/* End XCConfigurationList section */
	};
	rootObject = AFCD10951FAD04BD0058D987 /* Project object */;
}
